# This file was autogenerated by uv via the following command:
#    uv pip compile pyproject.toml -o uv.lock
annotated-types==0.7.0
    # via pydantic
anyio==4.9.0
    # via
    #   httpx
    #   mcp
    #   sse-starlette
    #   starlette
certifi==2025.1.31
    # via
    #   httpcore
    #   httpx
click==8.1.8
    # via
    #   mcp-server-git (pyproject.toml)
    #   uvicorn
gitdb==4.0.12
    # via gitpython
gitpython==3.1.44
    # via mcp-server-git (pyproject.toml)
h11==0.14.0
    # via
    #   httpcore
    #   uvicorn
httpcore==1.0.7
    # via httpx
httpx==0.28.1
    # via mcp
httpx-sse==0.4.0
    # via mcp
idna==3.10
    # via
    #   anyio
    #   httpx
mcp==1.4.1
    # via mcp-server-git (pyproject.toml)
pydantic==2.10.6
    # via
    #   mcp-server-git (pyproject.toml)
    #   mcp
    #   pydantic-settings
pydantic-core==2.27.2
    # via pydantic
pydantic-settings==2.8.1
    # via mcp
python-dotenv==1.0.1
    # via pydantic-settings
smmap==5.0.2
    # via gitdb
sniffio==1.3.1
    # via anyio
sse-starlette==2.2.1
    # via mcp
starlette==0.46.1
    # via
    #   mcp
    #   sse-starlette
typing-extensions==4.12.2
    # via
    #   anyio
    #   pydantic
    #   pydantic-core
uvicorn==0.34.0
    # via mcp
